// !$*UTF8*$!
{
	archiveVersion = 1;
	classes = {
	};
	objectVersion = 56;
	objects = {

/* Begin PBXBuildFile section */
		0238DC9C2B470F8F00F0BB88 /* TestApp.swift in Sources */ = {isa = PBXBuildFile; fileRef = 0238DC9B2B470F8F00F0BB88 /* TestApp.swift */; };
		0238DC9E2B470F8F00F0BB88 /* ContentView.swift in Sources */ = {isa = PBXBuildFile; fileRef = 0238DC9D2B470F8F00F0BB88 /* ContentView.swift */; };
		0238DCA02B470F9000F0BB88 /* Assets.xcassets in Resources */ = {isa = PBXBuildFile; fileRef = 0238DC9F2B470F9000F0BB88 /* Assets.xcassets */; };
		0238DCA32B470F9000F0BB88 /* Preview Assets.xcassets in Resources */ = {isa = PBXBuildFile; fileRef = 0238DCA22B470F9000F0BB88 /* Preview Assets.xcassets */; };
		02A188482B8A3CA500B62466 /* SafeArea.swift in Sources */ = {isa = PBXBuildFile; fileRef = 02A188472B8A3CA500B62466 /* SafeArea.swift */; };
		02A1884A2B8A41DF00B62466 /* MainTabView.swift in Sources */ = {isa = PBXBuildFile; fileRef = 02A188492B8A41DF00B62466 /* MainTabView.swift */; };
		02A1884C2B8A44F800B62466 /* ChatType.swift in Sources */ = {isa = PBXBuildFile; fileRef = 02A1884B2B8A44F800B62466 /* ChatType.swift */; };
		02A1884E2B8A4D0800B62466 /* ChatsGridView.swift in Sources */ = {isa = PBXBuildFile; fileRef = 02A1884D2B8A4D0800B62466 /* ChatsGridView.swift */; };
		02B983262B83B2340006449E /* ChatRow.swift in Sources */ = {isa = PBXBuildFile; fileRef = 02B983252B83B2340006449E /* ChatRow.swift */; };
		02B983282B83B3290006449E /* Chat.swift in Sources */ = {isa = PBXBuildFile; fileRef = 02B983272B83B3290006449E /* Chat.swift */; };
		6C362F472BA33EA4000E367B /* ActionButton.swift in Sources */ = {isa = PBXBuildFile; fileRef = 6C362F462BA33EA4000E367B /* ActionButton.swift */; };
		6C8127052B9A159300662AF6 /* AddChatForm.swift in Sources */ = {isa = PBXBuildFile; fileRef = 6C8127042B9A159300662AF6 /* AddChatForm.swift */; };
/* End PBXBuildFile section */

/* Begin PBXFileReference section */
		0238DC982B470F8F00F0BB88 /* Test.app */ = {isa = PBXFileReference; explicitFileType = wrapper.application; includeInIndex = 0; path = Test.app; sourceTree = BUILT_PRODUCTS_DIR; };
		0238DC9B2B470F8F00F0BB88 /* TestApp.swift */ = {isa = PBXFileReference; lastKnownFileType = sourcecode.swift; path = TestApp.swift; sourceTree = "<group>"; };
		0238DC9D2B470F8F00F0BB88 /* ContentView.swift */ = {isa = PBXFileReference; lastKnownFileType = sourcecode.swift; path = ContentView.swift; sourceTree = "<group>"; };
		0238DC9F2B470F9000F0BB88 /* Assets.xcassets */ = {isa = PBXFileReference; lastKnownFileType = folder.assetcatalog; path = Assets.xcassets; sourceTree = "<group>"; };
		0238DCA22B470F9000F0BB88 /* Preview Assets.xcassets */ = {isa = PBXFileReference; lastKnownFileType = folder.assetcatalog; path = "Preview Assets.xcassets"; sourceTree = "<group>"; };
		02A188472B8A3CA500B62466 /* SafeArea.swift */ = {isa = PBXFileReference; lastKnownFileType = sourcecode.swift; path = SafeArea.swift; sourceTree = "<group>"; };
		02A188492B8A41DF00B62466 /* MainTabView.swift */ = {isa = PBXFileReference; lastKnownFileType = sourcecode.swift; path = MainTabView.swift; sourceTree = "<group>"; };
		02A1884B2B8A44F800B62466 /* ChatType.swift */ = {isa = PBXFileReference; lastKnownFileType = sourcecode.swift; path = ChatType.swift; sourceTree = "<group>"; };
		02A1884D2B8A4D0800B62466 /* ChatsGridView.swift */ = {isa = PBXFileReference; lastKnownFileType = sourcecode.swift; path = ChatsGridView.swift; sourceTree = "<group>"; };
		02B983252B83B2340006449E /* ChatRow.swift */ = {isa = PBXFileReference; lastKnownFileType = sourcecode.swift; path = ChatRow.swift; sourceTree = "<group>"; };
		02B983272B83B3290006449E /* Chat.swift */ = {isa = PBXFileReference; lastKnownFileType = sourcecode.swift; path = Chat.swift; sourceTree = "<group>"; };
		6C362F462BA33EA4000E367B /* ActionButton.swift */ = {isa = PBXFileReference; lastKnownFileType = sourcecode.swift; path = ActionButton.swift; sourceTree = "<group>"; };
		6C8127042B9A159300662AF6 /* AddChatForm.swift */ = {isa = PBXFileReference; lastKnownFileType = sourcecode.swift; path = AddChatForm.swift; sourceTree = "<group>"; };
/* End PBXFileReference section */

/* Begin PBXFrameworksBuildPhase section */
		0238DC952B470F8F00F0BB88 /* Frameworks */ = {
			isa = PBXFrameworksBuildPhase;
			buildActionMask = 2147483647;
			files = (
			);
			runOnlyForDeploymentPostprocessing = 0;
		};
/* End PBXFrameworksBuildPhase section */

/* Begin PBXGroup section */
		0238DC8F2B470F8F00F0BB88 = {
			isa = PBXGroup;
			children = (
				0238DC9A2B470F8F00F0BB88 /* Test */,
				0238DC992B470F8F00F0BB88 /* Products */,
			);
			sourceTree = "<group>";
		};
		0238DC992B470F8F00F0BB88 /* Products */ = {
			isa = PBXGroup;
			children = (
				0238DC982B470F8F00F0BB88 /* Test.app */,
			);
			name = Products;
			sourceTree = "<group>";
		};
		0238DC9A2B470F8F00F0BB88 /* Test */ = {
			isa = PBXGroup;
			children = (
				0238DC9B2B470F8F00F0BB88 /* TestApp.swift */,
				0238DC9D2B470F8F00F0BB88 /* ContentView.swift */,
				0238DC9F2B470F9000F0BB88 /* Assets.xcassets */,
				0238DCA12B470F9000F0BB88 /* Preview Content */,
				02B983252B83B2340006449E /* ChatRow.swift */,
				02B983272B83B3290006449E /* Chat.swift */,
				02A188472B8A3CA500B62466 /* SafeArea.swift */,
				02A188492B8A41DF00B62466 /* MainTabView.swift */,
				02A1884B2B8A44F800B62466 /* ChatType.swift */,
				02A1884D2B8A4D0800B62466 /* ChatsGridView.swift */,
				6C8127042B9A159300662AF6 /* AddChatForm.swift */,
				6C362F462BA33EA4000E367B /* ActionButton.swift */,
			);
			path = Test;
			sourceTree = "<group>";
		};
		0238DCA12B470F9000F0BB88 /* Preview Content */ = {
			isa = PBXGroup;
			children = (
				0238DCA22B470F9000F0BB88 /* Preview Assets.xcassets */,
			);
			path = "Preview Content";
			sourceTree = "<group>";
		};
/* End PBXGroup section */

/* Begin PBXNativeTarget section */
		0238DC972B470F8F00F0BB88 /* Test */ = {
			isa = PBXNativeTarget;
			buildConfigurationList = 0238DCA62B470F9000F0BB88 /* Build configuration list for PBXNativeTarget "Test" */;
			buildPhases = (
				0238DC942B470F8F00F0BB88 /* Sources */,
				0238DC952B470F8F00F0BB88 /* Frameworks */,
				0238DC962B470F8F00F0BB88 /* Resources */,
			);
			buildRules = (
			);
			dependencies = (
			);
			name = Test;
			productName = Test;
			productReference = 0238DC982B470F8F00F0BB88 /* Test.app */;
			productType = "com.apple.product-type.application";
		};
/* End PBXNativeTarget section */

/* Begin PBXProject section */
		0238DC902B470F8F00F0BB88 /* Project object */ = {
			isa = PBXProject;
			attributes = {
				BuildIndependentTargetsInParallel = 1;
				LastSwiftUpdateCheck = 1510;
				LastUpgradeCheck = 1510;
				TargetAttributes = {
					0238DC972B470F8F00F0BB88 = {
						CreatedOnToolsVersion = 15.1;
					};
				};
			};
			buildConfigurationList = 0238DC932B470F8F00F0BB88 /* Build configuration list for PBXProject "Test" */;
			compatibilityVersion = "Xcode 14.0";
			developmentRegion = en;
			hasScannedForEncodings = 0;
			knownRegions = (
				en,
				Base,
			);
			mainGroup = 0238DC8F2B470F8F00F0BB88;
			productRefGroup = 0238DC992B470F8F00F0BB88 /* Products */;
			projectDirPath = "";
			projectRoot = "";
			targets = (
				0238DC972B470F8F00F0BB88 /* Test */,
			);
		};
/* End PBXProject section */

/* Begin PBXResourcesBuildPhase section */
		0238DC962B470F8F00F0BB88 /* Resources */ = {
			isa = PBXResourcesBuildPhase;
			buildActionMask = 2147483647;
			files = (
				0238DCA32B470F9000F0BB88 /* Preview Assets.xcassets in Resources */,
				0238DCA02B470F9000F0BB88 /* Assets.xcassets in Resources */,
			);
			runOnlyForDeploymentPostprocessing = 0;
		};
/* End PBXResourcesBuildPhase section */

/* Begin PBXSourcesBuildPhase section */
		0238DC942B470F8F00F0BB88 /* Sources */ = {
			isa = PBXSourcesBuildPhase;
			buildActionMask = 2147483647;
			files = (
				6C8127052B9A159300662AF6 /* AddChatForm.swift in Sources */,
				02A1884C2B8A44F800B62466 /* ChatType.swift in Sources */,
				0238DC9E2B470F8F00F0BB88 /* ContentView.swift in Sources */,
				02A1884E2B8A4D0800B62466 /* ChatsGridView.swift in Sources */,
				02B983282B83B3290006449E /* Chat.swift in Sources */,
				02B983262B83B2340006449E /* ChatRow.swift in Sources */,
				0238DC9C2B470F8F00F0BB88 /* TestApp.swift in Sources */,
				02A188482B8A3CA500B62466 /* SafeArea.swift in Sources */,
				02A1884A2B8A41DF00B62466 /* MainTabView.swift in Sources */,
				6C362F472BA33EA4000E367B /* ActionButton.swift in Sources */,
			);
			runOnlyForDeploymentPostprocessing = 0;
		};
/* End PBXSourcesBuildPhase section */

/* Begin XCBuildConfiguration section */
		0238DCA42B470F9000F0BB88 /* Debug */ = {
			isa = XCBuildConfiguration;
			buildSettings = {
				ALWAYS_SEARCH_USER_PATHS = NO;
				ASSETCATALOG_COMPILER_GENERATE_SWIFT_ASSET_SYMBOL_EXTENSIONS = YES;
				CLANG_ANALYZER_NONNULL = YES;
				CLANG_ANALYZER_NUMBER_OBJECT_CONVERSION = YES_AGGRESSIVE;
				CLANG_CXX_LANGUAGE_STANDARD = "gnu++20";
				CLANG_ENABLE_MODULES = YES;
				CLANG_ENABLE_OBJC_ARC = YES;
				CLANG_ENABLE_OBJC_WEAK = YES;
				CLANG_WARN_BLOCK_CAPTURE_AUTORELEASING = YES;
				CLANG_WARN_BOOL_CONVERSION = YES;
				CLANG_WARN_COMMA = YES;
				CLANG_WARN_CONSTANT_CONVERSION = YES;
				CLANG_WARN_DEPRECATED_OBJC_IMPLEMENTATIONS = YES;
				CLANG_WARN_DIRECT_OBJC_ISA_USAGE = YES_ERROR;
				CLANG_WARN_DOCUMENTATION_COMMENTS = YES;
				CLANG_WARN_EMPTY_BODY = YES;
				CLANG_WARN_ENUM_CONVERSION = YES;
				CLANG_WARN_INFINITE_RECURSION = YES;
				CLANG_WARN_INT_CONVERSION = YES;
				CLANG_WARN_NON_LITERAL_NULL_CONVERSION = YES;
				CLANG_WARN_OBJC_IMPLICIT_RETAIN_SELF = YES;
				CLANG_WARN_OBJC_LITERAL_CONVERSION = YES;
				CLANG_WARN_OBJC_ROOT_CLASS = YES_ERROR;
				CLANG_WARN_QUOTED_INCLUDE_IN_FRAMEWORK_HEADER = YES;
				CLANG_WARN_RANGE_LOOP_ANALYSIS = YES;
				CLANG_WARN_STRICT_PROTOTYPES = YES;
				CLANG_WARN_SUSPICIOUS_MOVE = YES;
				CLANG_WARN_UNGUARDED_AVAILABILITY = YES_AGGRESSIVE;
				CLANG_WARN_UNREACHABLE_CODE = YES;
				CLANG_WARN__DUPLICATE_METHOD_MATCH = YES;
				COPY_PHASE_STRIP = NO;
				DEBUG_INFORMATION_FORMAT = dwarf;
				ENABLE_STRICT_OBJC_MSGSEND = YES;
				ENABLE_TESTABILITY = YES;
				ENABLE_USER_SCRIPT_SANDBOXING = YES;
				GCC_C_LANGUAGE_STANDARD = gnu17;
				GCC_DYNAMIC_NO_PIC = NO;
				GCC_NO_COMMON_BLOCKS = YES;
				GCC_OPTIMIZATION_LEVEL = 0;
				GCC_PREPROCESSOR_DEFINITIONS = (
					"DEBUG=1",
					"$(inherited)",
				);
				GCC_WARN_64_TO_32_BIT_CONVERSION = YES;
				GCC_WARN_ABOUT_RETURN_TYPE = YES_ERROR;
				GCC_WARN_UNDECLARED_SELECTOR = YES;
				GCC_WARN_UNINITIALIZED_AUTOS = YES_AGGRESSIVE;
				GCC_WARN_UNUSED_FUNCTION = YES;
				GCC_WARN_UNUSED_VARIABLE = YES;
				IPHONEOS_DEPLOYMENT_TARGET = 17.2;
				LOCALIZATION_PREFERS_STRING_CATALOGS = YES;
				MTL_ENABLE_DEBUG_INFO = INCLUDE_SOURCE;
				MTL_FAST_MATH = YES;
				ONLY_ACTIVE_ARCH = YES;
				SDKROOT = iphoneos;
				SWIFT_ACTIVE_COMPILATION_CONDITIONS = "DEBUG $(inherited)";
				SWIFT_OPTIMIZATION_LEVEL = "-Onone";
			};
			name = Debug;
		};
		0238DCA52B470F9000F0BB88 /* Release */ = {
			isa = XCBuildConfiguration;
			buildSettings = {
				ALWAYS_SEARCH_USER_PATHS = NO;
				ASSETCATALOG_COMPILER_GENERATE_SWIFT_ASSET_SYMBOL_EXTENSIONS = YES;
				CLANG_ANALYZER_NONNULL = YES;
				CLANG_ANALYZER_NUMBER_OBJECT_CONVERSION = YES_AGGRESSIVE;
				CLANG_CXX_LANGUAGE_STANDARD = "gnu++20";
				CLANG_ENABLE_MODULES = YES;
				CLANG_ENABLE_OBJC_ARC = YES;
				CLANG_ENABLE_OBJC_WEAK = YES;
				CLANG_WARN_BLOCK_CAPTURE_AUTORELEASING = YES;
				CLANG_WARN_BOOL_CONVERSION = YES;
				CLANG_WARN_COMMA = YES;
				CLANG_WARN_CONSTANT_CONVERSION = YES;
				CLANG_WARN_DEPRECATED_OBJC_IMPLEMENTATIONS = YES;
				CLANG_WARN_DIRECT_OBJC_ISA_USAGE = YES_ERROR;
				CLANG_WARN_DOCUMENTATION_COMMENTS = YES;
				CLANG_WARN_EMPTY_BODY = YES;
				CLANG_WARN_ENUM_CONVERSION = YES;
				CLANG_WARN_INFINITE_RECURSION = YES;
				CLANG_WARN_INT_CONVERSION = YES;
				CLANG_WARN_NON_LITERAL_NULL_CONVERSION = YES;
				CLANG_WARN_OBJC_IMPLICIT_RETAIN_SELF = YES;
				CLANG_WARN_OBJC_LITERAL_CONVERSION = YES;
				CLANG_WARN_OBJC_ROOT_CLASS = YES_ERROR;
				CLANG_WARN_QUOTED_INCLUDE_IN_FRAMEWORK_HEADER = YES;
				CLANG_WARN_RANGE_LOOP_ANALYSIS = YES;
				CLANG_WARN_STRICT_PROTOTYPES = YES;
				CLANG_WARN_SUSPICIOUS_MOVE = YES;
				CLANG_WARN_UNGUARDED_AVAILABILITY = YES_AGGRESSIVE;
				CLANG_WARN_UNREACHABLE_CODE = YES;
				CLANG_WARN__DUPLICATE_METHOD_MATCH = YES;
				COPY_PHASE_STRIP = NO;
				DEBUG_INFORMATION_FORMAT = "dwarf-with-dsym";
				ENABLE_NS_ASSERTIONS = NO;
				ENABLE_STRICT_OBJC_MSGSEND = YES;
				ENABLE_USER_SCRIPT_SANDBOXING = YES;
				GCC_C_LANGUAGE_STANDARD = gnu17;
				GCC_NO_COMMON_BLOCKS = YES;
				GCC_WARN_64_TO_32_BIT_CONVERSION = YES;
				GCC_WARN_ABOUT_RETURN_TYPE = YES_ERROR;
				GCC_WARN_UNDECLARED_SELECTOR = YES;
				GCC_WARN_UNINITIALIZED_AUTOS = YES_AGGRESSIVE;
				GCC_WARN_UNUSED_FUNCTION = YES;
				GCC_WARN_UNUSED_VARIABLE = YES;
				IPHONEOS_DEPLOYMENT_TARGET = 17.2;
				LOCALIZATION_PREFERS_STRING_CATALOGS = YES;
				MTL_ENABLE_DEBUG_INFO = NO;
				MTL_FAST_MATH = YES;
				SDKROOT = iphoneos;
				SWIFT_COMPILATION_MODE = wholemodule;
				VALIDATE_PRODUCT = YES;
			};
			name = Release;
		};
		0238DCA72B470F9000F0BB88 /* Debug */ = {
			isa = XCBuildConfiguration;
			buildSettings = {
				ASSETCATALOG_COMPILER_APPICON_NAME = AppIcon;
				ASSETCATALOG_COMPILER_GLOBAL_ACCENT_COLOR_NAME = AccentColor;
				CODE_SIGN_STYLE = Automatic;
				CURRENT_PROJECT_VERSION = 1;
				DEVELOPMENT_ASSET_PATHS = "\"Test/Preview Content\"";
				DEVELOPMENT_TEAM = 39FK66NX2P;
				ENABLE_PREVIEWS = YES;
				GENERATE_INFOPLIST_FILE = YES;
				INFOPLIST_KEY_UIApplicationSceneManifest_Generation = YES;
				INFOPLIST_KEY_UIApplicationSupportsIndirectInputEvents = YES;
				INFOPLIST_KEY_UILaunchScreen_Generation = YES;
				INFOPLIST_KEY_UISupportedInterfaceOrientations_iPad = "UIInterfaceOrientationPortrait UIInterfaceOrientationPortraitUpsideDown UIInterfaceOrientationLandscapeLeft UIInterfaceOrientationLandscapeRight";
				INFOPLIST_KEY_UISupportedInterfaceOrientations_iPhone = "UIInterfaceOrientationPortrait UIInterfaceOrientationLandscapeLeft UIInterfaceOrientationLandscapeRight";
				LD_RUNPATH_SEARCH_PATHS = (
					"$(inherited)",
					"@executable_path/Frameworks",
				);
				MARKETING_VERSION = 1.0;
				PRODUCT_BUNDLE_IDENTIFIER = com.minseokwon.Test;
				PRODUCT_NAME = "$(TARGET_NAME)";
				SWIFT_EMIT_LOC_STRINGS = YES;
				SWIFT_VERSION = 5.0;
				TARGETED_DEVICE_FAMILY = "1,2";
			};
			name = Debug;
		};
		0238DCA82B470F9000F0BB88 /* Release */ = {
			isa = XCBuildConfiguration;
			buildSettings = {
				ASSETCATALOG_COMPILER_APPICON_NAME = AppIcon;
				ASSETCATALOG_COMPILER_GLOBAL_ACCENT_COLOR_NAME = AccentColor;
				CODE_SIGN_STYLE = Automatic;
				CURRENT_PROJECT_VERSION = 1;
				DEVELOPMENT_ASSET_PATHS = "\"Test/Preview Content\"";
				DEVELOPMENT_TEAM = 39FK66NX2P;
				ENABLE_PREVIEWS = YES;
				GENERATE_INFOPLIST_FILE = YES;
				INFOPLIST_KEY_UIApplicationSceneManifest_Generation = YES;
				INFOPLIST_KEY_UIApplicationSupportsIndirectInputEvents = YES;
				INFOPLIST_KEY_UILaunchScreen_Generation = YES;
				INFOPLIST_KEY_UISupportedInterfaceOrientations_iPad = "UIInterfaceOrientationPortrait UIInterfaceOrientationPortraitUpsideDown UIInterfaceOrientationLandscapeLeft UIInterfaceOrientationLandscapeRight";
				INFOPLIST_KEY_UISupportedInterfaceOrientations_iPhone = "UIInterfaceOrientationPortrait UIInterfaceOrientationLandscapeLeft UIInterfaceOrientationLandscapeRight";
				LD_RUNPATH_SEARCH_PATHS = (
					"$(inherited)",
					"@executable_path/Frameworks",
				);
				MARKETING_VERSION = 1.0;
				PRODUCT_BUNDLE_IDENTIFIER = com.minseokwon.Test;
				PRODUCT_NAME = "$(TARGET_NAME)";
				SWIFT_EMIT_LOC_STRINGS = YES;
				SWIFT_VERSION = 5.0;
				TARGETED_DEVICE_FAMILY = "1,2";
			};
			name = Release;
		};
/* End XCBuildConfiguration section */

/* Begin XCConfigurationList section */
		0238DC932B470F8F00F0BB88 /* Build configuration list for PBXProject "Test" */ = {
			isa = XCConfigurationList;
			buildConfigurations = (
				0238DCA42B470F9000F0BB88 /* Debug */,
				0238DCA52B470F9000F0BB88 /* Release */,
			);
			defaultConfigurationIsVisible = 0;
			defaultConfigurationName = Release;
		};
		0238DCA62B470F9000F0BB88 /* Build configuration list for PBXNativeTarget "Test" */ = {
			isa = XCConfigurationList;
			buildConfigurations = (
				0238DCA72B470F9000F0BB88 /* Debug */,
				0238DCA82B470F9000F0BB88 /* Release */,
			);
			defaultConfigurationIsVisible = 0;
			defaultConfigurationName = Release;
		};
/* End XCConfigurationList section */
	};
	rootObject = 0238DC902B470F8F00F0BB88 /* Project object */;
}
